
Microsoft Visual Studio Solution File, Format Version 12.00
# Visual Studio 2013
VisualStudioVersion = 12.0.31101.0
MinimumVisualStudioVersion = 10.0.40219.1
Project("{FAE04EC0-301F-11D3-BF4B-00C04F79EFBC}") = "SumOfThree", "ConsoleApplication1\SumOfThree.csproj", "{1D6DCED7-D53F-4601-A043-1D701204D627}"
EndProject
Project("{FAE04EC0-301F-11D3-BF4B-00C04F79EFBC}") = "PrintCompanyInfo", "PrintCompanyInfo\PrintCompanyInfo.csproj", "{68E023AC-A29F-4B01-9067-EE3F0A4104D9}"
EndProject
Project("{FAE04EC0-301F-11D3-BF4B-00C04F79EFBC}") = "CirclePermimeterAndArea", "CirclePermimeterAndArea\CirclePermimeterAndArea.csproj", "{D0BEEC07-821E-4F35-A1E6-60117DB45583}"
EndProject
Project("{FAE04EC0-301F-11D3-BF4B-00C04F79EFBC}") = "NumberComparer", "NumberComparer\NumberComparer.csproj", "{8EBBC010-4989-4583-9540-1A1ED1C8D79C}"
EndProject
Project("{FAE04EC0-301F-11D3-BF4B-00C04F79EFBC}") = "FormattingNumbers", "FormattingNumbers\FormattingNumbers.csproj", "{63E86BC5-448B-4149-8172-B2E7F02C1482}"
EndProject
Project("{FAE04EC0-301F-11D3-BF4B-00C04F79EFBC}") = "QuadraticEquation", "QuadraticEquation\QuadraticEquation.csproj", "{D6076235-7FA1-4B5A-ABFC-43DD9B23797F}"
EndProject
Project("{FAE04EC0-301F-11D3-BF4B-00C04F79EFBC}") = "SumOf5Numbers", "SumOf5Numbers\SumOf5Numbers.csproj", "{7CF5E782-F0F9-4AD4-8C56-B37BB567E993}"
EndProject
Project("{FAE04EC0-301F-11D3-BF4B-00C04F79EFBC}") = "1toN", "1toN\1toN.csproj", "{D1BDC387-FD53-4D90-90B9-646B21C11F19}"
EndProject
Project("{FAE04EC0-301F-11D3-BF4B-00C04F79EFBC}") = "SumOfNumbers", "SumOfNumbers\SumOfNumbers.csproj", "{C990B272-4F43-493B-AB05-6E1A27D801F6}"
EndProject
Project("{FAE04EC0-301F-11D3-BF4B-00C04F79EFBC}") = "FibonacciNumbers", "FibonacciNumbers\FibonacciNumbers.csproj", "{1ACF8DB6-0B84-4AFD-8023-30E037F46E16}"
EndProject
Global
	GlobalSection(SolutionConfigurationPlatforms) = preSolution
		Debug|Any CPU = Debug|Any CPU
		Release|Any CPU = Release|Any CPU
	EndGlobalSection
	GlobalSection(ProjectConfigurationPlatforms) = postSolution
		{1D6DCED7-D53F-4601-A043-1D701204D627}.Debug|Any CPU.ActiveCfg = Debug|Any CPU
		{1D6DCED7-D53F-4601-A043-1D701204D627}.Debug|Any CPU.Build.0 = Debug|Any CPU
		{1D6DCED7-D53F-4601-A043-1D701204D627}.Release|Any CPU.ActiveCfg = Release|Any CPU
		{1D6DCED7-D53F-4601-A043-1D701204D627}.Release|Any CPU.Build.0 = Release|Any CPU
		{68E023AC-A29F-4B01-9067-EE3F0A4104D9}.Debug|Any CPU.ActiveCfg = Debug|Any CPU
		{68E023AC-A29F-4B01-9067-EE3F0A4104D9}.Debug|Any CPU.Build.0 = Debug|Any CPU
		{68E023AC-A29F-4B01-9067-EE3F0A4104D9}.Release|Any CPU.ActiveCfg = Release|Any CPU
		{68E023AC-A29F-4B01-9067-EE3F0A4104D9}.Release|Any CPU.Build.0 = Release|Any CPU
		{D0BEEC07-821E-4F35-A1E6-60117DB45583}.Debug|Any CPU.ActiveCfg = Debug|Any CPU
		{D0BEEC07-821E-4F35-A1E6-60117DB45583}.Debug|Any CPU.Build.0 = Debug|Any CPU
		{D0BEEC07-821E-4F35-A1E6-60117DB45583}.Release|Any CPU.ActiveCfg = Release|Any CPU
		{D0BEEC07-821E-4F35-A1E6-60117DB45583}.Release|Any CPU.Build.0 = Release|Any CPU
		{8EBBC010-4989-4583-9540-1A1ED1C8D79C}.Debug|Any CPU.ActiveCfg = Debug|Any CPU
		{8EBBC010-4989-4583-9540-1A1ED1C8D79C}.Debug|Any CPU.Build.0 = Debug|Any CPU
		{8EBBC010-4989-4583-9540-1A1ED1C8D79C}.Release|Any CPU.ActiveCfg = Release|Any CPU
		{8EBBC010-4989-4583-9540-1A1ED1C8D79C}.Release|Any CPU.Build.0 = Release|Any CPU
		{63E86BC5-448B-4149-8172-B2E7F02C1482}.Debug|Any CPU.ActiveCfg = Debug|Any CPU
		{63E86BC5-448B-4149-8172-B2E7F02C1482}.Debug|Any CPU.Build.0 = Debug|Any CPU
		{63E86BC5-448B-4149-8172-B2E7F02C1482}.Release|Any CPU.ActiveCfg = Release|Any CPU
		{63E86BC5-448B-4149-8172-B2E7F02C1482}.Release|Any CPU.Build.0 = Release|Any CPU
		{D6076235-7FA1-4B5A-ABFC-43DD9B23797F}.Debug|Any CPU.ActiveCfg = Debug|Any CPU
		{D6076235-7FA1-4B5A-ABFC-43DD9B23797F}.Debug|Any CPU.Build.0 = Debug|Any CPU
		{D6076235-7FA1-4B5A-ABFC-43DD9B23797F}.Release|Any CPU.ActiveCfg = Release|Any CPU
		{D6076235-7FA1-4B5A-ABFC-43DD9B23797F}.Release|Any CPU.Build.0 = Release|Any CPU
		{7CF5E782-F0F9-4AD4-8C56-B37BB567E993}.Debug|Any CPU.ActiveCfg = Debug|Any CPU
		{7CF5E782-F0F9-4AD4-8C56-B37BB567E993}.Debug|Any CPU.Build.0 = Debug|Any CPU
		{7CF5E782-F0F9-4AD4-8C56-B37BB567E993}.Release|Any CPU.ActiveCfg = Release|Any CPU
		{7CF5E782-F0F9-4AD4-8C56-B37BB567E993}.Release|Any CPU.Build.0 = Release|Any CPU
		{D1BDC387-FD53-4D90-90B9-646B21C11F19}.Debug|Any CPU.ActiveCfg = Debug|Any CPU
		{D1BDC387-FD53-4D90-90B9-646B21C11F19}.Debug|Any CPU.Build.0 = Debug|Any CPU
		{D1BDC387-FD53-4D90-90B9-646B21C11F19}.Release|Any CPU.ActiveCfg = Release|Any CPU
		{D1BDC387-FD53-4D90-90B9-646B21C11F19}.Release|Any CPU.Build.0 = Release|Any CPU
		{C990B272-4F43-493B-AB05-6E1A27D801F6}.Debug|Any CPU.ActiveCfg = Debug|Any CPU
		{C990B272-4F43-493B-AB05-6E1A27D801F6}.Debug|Any CPU.Build.0 = Debug|Any CPU
		{C990B272-4F43-493B-AB05-6E1A27D801F6}.Release|Any CPU.ActiveCfg = Release|Any CPU
		{C990B272-4F43-493B-AB05-6E1A27D801F6}.Release|Any CPU.Build.0 = Release|Any CPU
		{1ACF8DB6-0B84-4AFD-8023-30E037F46E16}.Debug|Any CPU.ActiveCfg = Debug|Any CPU
		{1ACF8DB6-0B84-4AFD-8023-30E037F46E16}.Debug|Any CPU.Build.0 = Debug|Any CPU
		{1ACF8DB6-0B84-4AFD-8023-30E037F46E16}.Release|Any CPU.ActiveCfg = Release|Any CPU
		{1ACF8DB6-0B84-4AFD-8023-30E037F46E16}.Release|Any CPU.Build.0 = Release|Any CPU
	EndGlobalSection
	GlobalSection(SolutionProperties) = preSolution
		HideSolutionNode = FALSE
	EndGlobalSection
EndGlobal
