
Microsoft Visual Studio Solution File, Format Version 12.00
# Visual Studio 2013
VisualStudioVersion = 12.0.31101.0
MinimumVisualStudioVersion = 10.0.40219.1
Project("{FAE04EC0-301F-11D3-BF4B-00C04F79EFBC}") = "1toN", "HW-Loops\1toN.csproj", "{A567DA70-D6AF-46E8-B51E-B42C11C2E063}"
EndProject
Project("{FAE04EC0-301F-11D3-BF4B-00C04F79EFBC}") = "DivisibleBy3and7", "DivisibleBy3and7\DivisibleBy3and7.csproj", "{BBECB6E2-BA2C-404E-8287-FC42F3A0E6D2}"
EndProject
Project("{FAE04EC0-301F-11D3-BF4B-00C04F79EFBC}") = "MinMaxSum", "MinMaxSum\MinMaxSum.csproj", "{E1030C4E-5B74-4909-9340-8A3656CDA0AE}"
EndProject
Project("{FAE04EC0-301F-11D3-BF4B-00C04F79EFBC}") = "Deck52Cards", "Deck52Cards\Deck52Cards.csproj", "{4DC5A5AF-B767-4E22-921B-F14E3AE6F8EB}"
EndProject
Project("{FAE04EC0-301F-11D3-BF4B-00C04F79EFBC}") = "Problem5Calculate", "Problem5Calculate\Problem5Calculate.csproj", "{6CF9EB59-3BCC-4ABF-B14A-86587022A5C5}"
EndProject
Project("{FAE04EC0-301F-11D3-BF4B-00C04F79EFBC}") = "Calculate NK", "Calculate NK\Calculate NK.csproj", "{C0DF6DA7-CD61-45EA-86B0-86E9288A5CF3}"
EndProject
Project("{FAE04EC0-301F-11D3-BF4B-00C04F79EFBC}") = "Problem7CalculateN!", "Problem7CalculateN!\Problem7CalculateN!.csproj", "{464BBB2D-BCB3-4609-A9C9-F5E4407A88DE}"
EndProject
Project("{FAE04EC0-301F-11D3-BF4B-00C04F79EFBC}") = "CatalanNumbers", "CatalanNumbers\CatalanNumbers.csproj", "{05B45FF5-52CC-4C1C-9C38-BEA30A5FA2E2}"
EndProject
Project("{FAE04EC0-301F-11D3-BF4B-00C04F79EFBC}") = "MatrixNumbers", "MatrixNumbers\MatrixNumbers.csproj", "{4F5A2B93-4B36-4D31-B83E-59D53667B951}"
EndProject
Project("{FAE04EC0-301F-11D3-BF4B-00C04F79EFBC}") = "OddAndEvenProduct", "OddAndEvenProduct\OddAndEvenProduct.csproj", "{521B9CD5-DF9D-4D46-A226-80759AB46AFB}"
EndProject
Project("{FAE04EC0-301F-11D3-BF4B-00C04F79EFBC}") = "RandomNumberInRange", "RandomNumberInRange\RandomNumberInRange.csproj", "{77D7ABF7-70BA-4858-811B-7FA38B0877FA}"
EndProject
Project("{FAE04EC0-301F-11D3-BF4B-00C04F79EFBC}") = "BinaryToDecimal", "DecimalToBinary\BinaryToDecimal.csproj", "{1173C011-34DF-48A4-8FDE-7040462F82E4}"
EndProject
Project("{FAE04EC0-301F-11D3-BF4B-00C04F79EFBC}") = "DecimalToBinary", "DecimalToBinaryy\DecimalToBinary.csproj", "{13102415-56AE-42BA-BE3B-040F35B8D1A0}"
EndProject
Project("{FAE04EC0-301F-11D3-BF4B-00C04F79EFBC}") = "HexToDec", "HexToDec\HexToDec.csproj", "{785A6580-BEF7-460E-A5B1-88857037BD1A}"
EndProject
Project("{FAE04EC0-301F-11D3-BF4B-00C04F79EFBC}") = "DecToHex", "DecToHex\DecToHex.csproj", "{9B8D6D76-B1EF-434C-BD8A-EA0038DFAA21}"
EndProject
Global
	GlobalSection(SolutionConfigurationPlatforms) = preSolution
		Debug|Any CPU = Debug|Any CPU
		Release|Any CPU = Release|Any CPU
	EndGlobalSection
	GlobalSection(ProjectConfigurationPlatforms) = postSolution
		{A567DA70-D6AF-46E8-B51E-B42C11C2E063}.Debug|Any CPU.ActiveCfg = Debug|Any CPU
		{A567DA70-D6AF-46E8-B51E-B42C11C2E063}.Debug|Any CPU.Build.0 = Debug|Any CPU
		{A567DA70-D6AF-46E8-B51E-B42C11C2E063}.Release|Any CPU.ActiveCfg = Release|Any CPU
		{A567DA70-D6AF-46E8-B51E-B42C11C2E063}.Release|Any CPU.Build.0 = Release|Any CPU
		{BBECB6E2-BA2C-404E-8287-FC42F3A0E6D2}.Debug|Any CPU.ActiveCfg = Debug|Any CPU
		{BBECB6E2-BA2C-404E-8287-FC42F3A0E6D2}.Debug|Any CPU.Build.0 = Debug|Any CPU
		{BBECB6E2-BA2C-404E-8287-FC42F3A0E6D2}.Release|Any CPU.ActiveCfg = Release|Any CPU
		{BBECB6E2-BA2C-404E-8287-FC42F3A0E6D2}.Release|Any CPU.Build.0 = Release|Any CPU
		{E1030C4E-5B74-4909-9340-8A3656CDA0AE}.Debug|Any CPU.ActiveCfg = Debug|Any CPU
		{E1030C4E-5B74-4909-9340-8A3656CDA0AE}.Debug|Any CPU.Build.0 = Debug|Any CPU
		{E1030C4E-5B74-4909-9340-8A3656CDA0AE}.Release|Any CPU.ActiveCfg = Release|Any CPU
		{E1030C4E-5B74-4909-9340-8A3656CDA0AE}.Release|Any CPU.Build.0 = Release|Any CPU
		{4DC5A5AF-B767-4E22-921B-F14E3AE6F8EB}.Debug|Any CPU.ActiveCfg = Debug|Any CPU
		{4DC5A5AF-B767-4E22-921B-F14E3AE6F8EB}.Debug|Any CPU.Build.0 = Debug|Any CPU
		{4DC5A5AF-B767-4E22-921B-F14E3AE6F8EB}.Release|Any CPU.ActiveCfg = Release|Any CPU
		{4DC5A5AF-B767-4E22-921B-F14E3AE6F8EB}.Release|Any CPU.Build.0 = Release|Any CPU
		{6CF9EB59-3BCC-4ABF-B14A-86587022A5C5}.Debug|Any CPU.ActiveCfg = Debug|Any CPU
		{6CF9EB59-3BCC-4ABF-B14A-86587022A5C5}.Debug|Any CPU.Build.0 = Debug|Any CPU
		{6CF9EB59-3BCC-4ABF-B14A-86587022A5C5}.Release|Any CPU.ActiveCfg = Release|Any CPU
		{6CF9EB59-3BCC-4ABF-B14A-86587022A5C5}.Release|Any CPU.Build.0 = Release|Any CPU
		{C0DF6DA7-CD61-45EA-86B0-86E9288A5CF3}.Debug|Any CPU.ActiveCfg = Debug|Any CPU
		{C0DF6DA7-CD61-45EA-86B0-86E9288A5CF3}.Debug|Any CPU.Build.0 = Debug|Any CPU
		{C0DF6DA7-CD61-45EA-86B0-86E9288A5CF3}.Release|Any CPU.ActiveCfg = Release|Any CPU
		{C0DF6DA7-CD61-45EA-86B0-86E9288A5CF3}.Release|Any CPU.Build.0 = Release|Any CPU
		{464BBB2D-BCB3-4609-A9C9-F5E4407A88DE}.Debug|Any CPU.ActiveCfg = Debug|Any CPU
		{464BBB2D-BCB3-4609-A9C9-F5E4407A88DE}.Debug|Any CPU.Build.0 = Debug|Any CPU
		{464BBB2D-BCB3-4609-A9C9-F5E4407A88DE}.Release|Any CPU.ActiveCfg = Release|Any CPU
		{464BBB2D-BCB3-4609-A9C9-F5E4407A88DE}.Release|Any CPU.Build.0 = Release|Any CPU
		{05B45FF5-52CC-4C1C-9C38-BEA30A5FA2E2}.Debug|Any CPU.ActiveCfg = Debug|Any CPU
		{05B45FF5-52CC-4C1C-9C38-BEA30A5FA2E2}.Debug|Any CPU.Build.0 = Debug|Any CPU
		{05B45FF5-52CC-4C1C-9C38-BEA30A5FA2E2}.Release|Any CPU.ActiveCfg = Release|Any CPU
		{05B45FF5-52CC-4C1C-9C38-BEA30A5FA2E2}.Release|Any CPU.Build.0 = Release|Any CPU
		{4F5A2B93-4B36-4D31-B83E-59D53667B951}.Debug|Any CPU.ActiveCfg = Debug|Any CPU
		{4F5A2B93-4B36-4D31-B83E-59D53667B951}.Debug|Any CPU.Build.0 = Debug|Any CPU
		{4F5A2B93-4B36-4D31-B83E-59D53667B951}.Release|Any CPU.ActiveCfg = Release|Any CPU
		{4F5A2B93-4B36-4D31-B83E-59D53667B951}.Release|Any CPU.Build.0 = Release|Any CPU
		{521B9CD5-DF9D-4D46-A226-80759AB46AFB}.Debug|Any CPU.ActiveCfg = Debug|Any CPU
		{521B9CD5-DF9D-4D46-A226-80759AB46AFB}.Debug|Any CPU.Build.0 = Debug|Any CPU
		{521B9CD5-DF9D-4D46-A226-80759AB46AFB}.Release|Any CPU.ActiveCfg = Release|Any CPU
		{521B9CD5-DF9D-4D46-A226-80759AB46AFB}.Release|Any CPU.Build.0 = Release|Any CPU
		{77D7ABF7-70BA-4858-811B-7FA38B0877FA}.Debug|Any CPU.ActiveCfg = Debug|Any CPU
		{77D7ABF7-70BA-4858-811B-7FA38B0877FA}.Debug|Any CPU.Build.0 = Debug|Any CPU
		{77D7ABF7-70BA-4858-811B-7FA38B0877FA}.Release|Any CPU.ActiveCfg = Release|Any CPU
		{77D7ABF7-70BA-4858-811B-7FA38B0877FA}.Release|Any CPU.Build.0 = Release|Any CPU
		{1173C011-34DF-48A4-8FDE-7040462F82E4}.Debug|Any CPU.ActiveCfg = Debug|Any CPU
		{1173C011-34DF-48A4-8FDE-7040462F82E4}.Debug|Any CPU.Build.0 = Debug|Any CPU
		{1173C011-34DF-48A4-8FDE-7040462F82E4}.Release|Any CPU.ActiveCfg = Release|Any CPU
		{1173C011-34DF-48A4-8FDE-7040462F82E4}.Release|Any CPU.Build.0 = Release|Any CPU
		{13102415-56AE-42BA-BE3B-040F35B8D1A0}.Debug|Any CPU.ActiveCfg = Debug|Any CPU
		{13102415-56AE-42BA-BE3B-040F35B8D1A0}.Debug|Any CPU.Build.0 = Debug|Any CPU
		{13102415-56AE-42BA-BE3B-040F35B8D1A0}.Release|Any CPU.ActiveCfg = Release|Any CPU
		{13102415-56AE-42BA-BE3B-040F35B8D1A0}.Release|Any CPU.Build.0 = Release|Any CPU
		{785A6580-BEF7-460E-A5B1-88857037BD1A}.Debug|Any CPU.ActiveCfg = Debug|Any CPU
		{785A6580-BEF7-460E-A5B1-88857037BD1A}.Debug|Any CPU.Build.0 = Debug|Any CPU
		{785A6580-BEF7-460E-A5B1-88857037BD1A}.Release|Any CPU.ActiveCfg = Release|Any CPU
		{785A6580-BEF7-460E-A5B1-88857037BD1A}.Release|Any CPU.Build.0 = Release|Any CPU
		{9B8D6D76-B1EF-434C-BD8A-EA0038DFAA21}.Debug|Any CPU.ActiveCfg = Debug|Any CPU
		{9B8D6D76-B1EF-434C-BD8A-EA0038DFAA21}.Debug|Any CPU.Build.0 = Debug|Any CPU
		{9B8D6D76-B1EF-434C-BD8A-EA0038DFAA21}.Release|Any CPU.ActiveCfg = Release|Any CPU
		{9B8D6D76-B1EF-434C-BD8A-EA0038DFAA21}.Release|Any CPU.Build.0 = Release|Any CPU
	EndGlobalSection
	GlobalSection(SolutionProperties) = preSolution
		HideSolutionNode = FALSE
	EndGlobalSection
EndGlobal
